
Microsoft Visual Studio Solution File, Format Version 12.00
# Visual Studio Version 16
VisualStudioVersion = 16.0.30804.86
MinimumVisualStudioVersion = 10.0.40219.1
Project("{9A19103F-16F7-4668-BE54-9A1E7A4F7556}") = "WebTaskManager", "WebTaskManager\WebTaskManager.csproj", "{8EF10E6E-B7AF-408E-830F-14D0556DC84E}"
EndProject
Global
	GlobalSection(SolutionConfigurationPlatforms) = preSolution
		Debug|Any CPU = Debug|Any CPU
		Release|Any CPU = Release|Any CPU
	EndGlobalSection
	GlobalSection(ProjectConfigurationPlatforms) = postSolution
		{8EF10E6E-B7AF-408E-830F-14D0556DC84E}.Debug|Any CPU.ActiveCfg = Debug|Any CPU
		{8EF10E6E-B7AF-408E-830F-14D0556DC84E}.Debug|Any CPU.Build.0 = Debug|Any CPU
		{8EF10E6E-B7AF-408E-830F-14D0556DC84E}.Release|Any CPU.ActiveCfg = Release|Any CPU
		{8EF10E6E-B7AF-408E-830F-14D0556DC84E}.Release|Any CPU.Build.0 = Release|Any CPU
	EndGlobalSection
	GlobalSection(SolutionProperties) = preSolution
		HideSolutionNode = FALSE
	EndGlobalSection
	GlobalSection(ExtensibilityGlobals) = postSolution
		SolutionGuid = {61ECB187-D92F-41D2-AC4D-150BF6D04D67}
	EndGlobalSection
EndGlobal
